
Microsoft Visual Studio Solution File, Format Version 12.00
# Visual Studio 15
VisualStudioVersion = 15.0.26730.12
MinimumVisualStudioVersion = 10.0.40219.1
Project("{9A19103F-16F7-4668-BE54-9A1E7A4F7556}") = "WU16.BolindersBilAB.Web", "WU16.BolindersBilAB.Web\WU16.BolindersBilAB.Web.csproj", "{4225E6E5-EADB-40F6-985A-E50E4C1952DB}"
EndProject
Project("{9A19103F-16F7-4668-BE54-9A1E7A4F7556}") = "WU16.BolindersBilAB.DAL", "WU16.BolindersBilAB.DAL\WU16.BolindersBilAB.DAL.csproj", "{A6695470-701A-4F3E-A870-1B215DC1BADE}"
EndProject
Project("{FAE04EC0-301F-11D3-BF4B-00C04F79EFBC}") = "WU16.BolindersBilAB.BLL", "WU16.BolindersBilAB.BLL\WU16.BolindersBilAB.BLL.csproj", "{F274A43A-EB18-456C-96C1-671ABFFDDD44}"
EndProject
Global
	GlobalSection(SolutionConfigurationPlatforms) = preSolution
		Debug|Any CPU = Debug|Any CPU
		Release|Any CPU = Release|Any CPU
	EndGlobalSection
	GlobalSection(ProjectConfigurationPlatforms) = postSolution
		{4225E6E5-EADB-40F6-985A-E50E4C1952DB}.Debug|Any CPU.ActiveCfg = Debug|Any CPU
		{4225E6E5-EADB-40F6-985A-E50E4C1952DB}.Debug|Any CPU.Build.0 = Debug|Any CPU
		{4225E6E5-EADB-40F6-985A-E50E4C1952DB}.Release|Any CPU.ActiveCfg = Release|Any CPU
		{4225E6E5-EADB-40F6-985A-E50E4C1952DB}.Release|Any CPU.Build.0 = Release|Any CPU
		{A6695470-701A-4F3E-A870-1B215DC1BADE}.Debug|Any CPU.ActiveCfg = Debug|Any CPU
		{A6695470-701A-4F3E-A870-1B215DC1BADE}.Debug|Any CPU.Build.0 = Debug|Any CPU
		{A6695470-701A-4F3E-A870-1B215DC1BADE}.Release|Any CPU.ActiveCfg = Release|Any CPU
		{A6695470-701A-4F3E-A870-1B215DC1BADE}.Release|Any CPU.Build.0 = Release|Any CPU
		{F274A43A-EB18-456C-96C1-671ABFFDDD44}.Debug|Any CPU.ActiveCfg = Debug|Any CPU
		{F274A43A-EB18-456C-96C1-671ABFFDDD44}.Debug|Any CPU.Build.0 = Debug|Any CPU
		{F274A43A-EB18-456C-96C1-671ABFFDDD44}.Release|Any CPU.ActiveCfg = Release|Any CPU
		{F274A43A-EB18-456C-96C1-671ABFFDDD44}.Release|Any CPU.Build.0 = Release|Any CPU
	EndGlobalSection
	GlobalSection(SolutionProperties) = preSolution
		HideSolutionNode = FALSE
	EndGlobalSection
	GlobalSection(ExtensibilityGlobals) = postSolution
		SolutionGuid = {4C3238E4-8C66-4270-A773-9557BF046906}
	EndGlobalSection
EndGlobal
